{
  "name": "graceful-gratitude-app",
  "version": "0.1.0",
  "lockfileVersion": 3,
  "requires": true,
  "packages": {
    "": {
      "name": "graceful-gratitude-app",
      "version": "0.1.0",
      "dependencies": {
        "@genkit-ai/google-genai": "^1.1.0",
        "@radix-ui/react-label": "^2.1.0",
        "@radix-ui/react-select": "^2.1.1",
        "@radix-ui/react-slot": "^1.1.0",
        "class-variance-authority": "^0.7.0",
        "clsx": "^2.1.1",
        "firebase": "^10.12.3",
        "genkit": "^1.0.0",
        "i18next": "^23.12.2",
        "lucide-react": "^0.408.0",
        "next": "14.2.4",
        "react": "^18",
        "react-dom": "^18",
        "react-i18next": "^14.1.2",
        "tailwind-merge": "^2.4.0",
        "tailwindcss-animate": "^1.0.7",
        "zod": "^3.23.8"
      },
      "devDependencies": {
        "@types/node": "^20",
        "@types/react": "^18",
        "@types/react-dom": "^18",
        "eslint": "^8",
        "eslint-config-next": "14.2.4",
        "postcss": "^8",
        "tailwindcss": "^3.4.1",
        "typescript": "^5"
      }
    },
    "node_modules/@babel/runtime/node_modules/regenerator-runtime": {
      "version": "0.14.1",
      "resolved": "https://registry.npmjs.org/regenerator-runtime/-/regenerator-runtime-0.14.1.tgz",
      "integrity": "sha512-dYnhHh0nJoMfnkZs6GmmhFknAGRrLznOu5nc9ML+EJxGvrx6H7teuevqVqCuPcPK//3eDrrjQhehXVx9cnkGdw=="
    },
    "node_modules/@genkit-ai/google-genai": {
      "version": "1.1.0",
      "resolved": "https://registry.npmjs.org/@genkit-ai/google-genai/-/google-genai-1.1.0.tgz",
      "integrity": "sha512-J3sOa58/mI2jO+QRPXHyHhO31PzX35j+pLwJzPlWzCOtEx/up/6p2pYg6l8zT4s+2H9i/U0L1pAxfBexVqB29Q==",
      "dependencies": {
        "@google-cloud/vertexai": "1.0.0-beta.13",
        "long": "^5.2.3"
      },
      "peerDependencies": {
        "genkit": ">=1.0.0-beta.6"
      }
    },
    "node_modules/@google-cloud/vertexai": {
      "version": "1.0.0-beta.13",
      "resolved": "https://registry.npmjs.org/@google-cloud/vertexai/-/vertexai-1.0.0-beta.13.tgz",
      "integrity": "sha512-Q/93mYQzH4q8q7eG3p9G1v/vLz/681C305FfLgQvC1pQ+TNJN0DkYlKsv/U+X1Ym1jO2hQc4HlE9A==",
      "dependencies": {
        "google-auth-library": "^9.0.0",
        "google-gax": "^4.0.3"
      },
      "engines": {
        "node": ">=14.0.0"
      }
    },
    "node_modules/@radix-ui/primitive": {
      "version": "1.1.0",
      "resolved": "https://registry.npmjs.org/@radix-ui/primitive/-/primitive-1.1.0.tgz",
      "integrity": "sha512-Hq2i3i22Nrf98L4jce5k1s9vsTgsVvI/DmVO5ho2vcel694FvEnKjJ46S0prcqwVvV7vj+2ySC/2s0R7tQjMgg==",
      "peerDependencies": {
        "react": "^18.0.0",
        "react-dom": "^18.0.0"
      }
    },
    "node_modules/@radix-ui/react-compose-refs": {
      "version": "1.0.1",
      "resolved": "https://registry.npmjs.org/@radix-ui/react-compose-refs/-/react-compose-refs-1.0.1.tgz",
      "integrity": "sha512-I5oKVaDj7f9Bu04ay3oIOs6F2f3xWn65dbs72e2ySBqpt3f1RSlDYs1Yj28b/GkLgqj765Q2TJY4ga+o8aWcPg==",
      "dependencies": {
        "@radix-ui/primitive": "1.1.0"
      },
      "peerDependencies": {
        "react": "^18.0.0"
      }
    },
    "node_modules/@radix-ui/react-context": {
      "version": "1.1.0",
      "resolved": "https://registry.npmjs.org/@radix-ui/react-context/-/react-context-1.1.0.tgz",
      "integrity": "sha512-K754P2xIeNn2uA3QyqI+3K/uI2Feo3bPa1s1T3p3hQGMFvjJtV4a/r2Dc6qnt3s2s21jUbPz99yP+i8rT0u1Vg==",
      "peerDependencies": {
        "react": "^18.0.0"
      }
    },
    "node_modules/@radix-ui/react-label": {
      "version": "2.1.0",
      "resolved": "https://registry.npmjs.org/@radix-ui/react-label/-/react-label-2.1.0.tgz",
      "integrity": "sha512-SgUeI+23Bcy/i0/P5w22y3q4oI861bUr0Z0Jd5SOUy27J5gO92G+mI34bJ6A3bFjLz5I52bW0/L3Y/bS/r0xRA==",
      "dependencies": {
        "@radix-ui/primitive": "1.1.0",
        "@radix-ui/react-compose-refs": "1.0.1",
        "@radix-ui/react-primitive": "1.1.0",
        "react-remove-scroll-bar": "2.3.4"
      },
      "peerDependencies": {
        "react": "^18.0.0",
        "react-dom": "^18.0.0"
      }
    },
    "node_modules/@radix-ui/react-popper": {
      "version": "1.1.4",
      "resolved": "https://registry.npmjs.org/@radix-ui/react-popper/-/react-popper-1.1.4.tgz",
      "integrity": "sha512-uG/2g8/jXNlqWNC3w+w1259tq+a6feyWzSoN/IAwY6QYTu9yq22y40xQyO1g5zG6GjdjT4bVjLdYlGq+F8j7Qg==",
      "dependencies": {
        "@radix-ui/react-compose-refs": "1.0.1",
        "@radix-ui/react-primitive": "1.1.0",
        "aria-hidden": "1.1.2",
        "react-remove-scroll": "2.5.8"
      },
      "peerDependencies": {
        "react": "^18.0.0",
        "react-dom": "^18.0.0"
      }
    },
    "node_modules/@radix-ui/react-primitive": {
      "version": "1.1.0",
      "resolved": "https://registry.npmjs.org/react-primitive/-/react-primitive-1.1.0.tgz",
      "integrity": "sha512-TQuH5rCbhxV7dCA1qg/L1j6325/N5nC56JtV2jXh45YcM/K1N9Db34f1vO3LqGAE9qXJ8vFq1yF0s/wQnECNQ==",
      "dependencies": {
        "@radix-ui/primitive": "1.1.0",
        "@radix-ui/react-compose-refs": "1.0.1"
      },
      "peerDependencies": {
        "react": "^18.0.0"
      }
    },
    "node_modules/@radix-ui/react-select": {
      "version": "2.1.1",
      "resolved": "https://registry.npmjs.org/react-select/-/react-select-2.1.1.tgz",
      "integrity": "sha512-2n/23Z39g2/8vV/bS38v6B/U3f0oQ/g5J4OQn03Cqf7W3gGf70+WJc+0rXG6A4Wz2GgCj88z+V9w+A+QQ==",
      "dependencies": {
        "@radix-ui/primitive": "1.1.0",
        "@radix-ui/react-compose-refs": "1.0.1",
        "@radix-ui/react-context": "1.1.0",
        "@radix-ui/react-popper": "1.1.4",
        "@radix-ui/react-primitive": "1.1.0",
        "@radix-ui/react-slot": "1.1.0",
        "react-remove-scroll": "2.5.8"
      },
      "peerDependencies": {
        "react": "^18.0.0",
        "react-dom": "^18.0.0"
      }
    },
    "node_modules/@radix-ui/react-slot": {
      "version": "1.1.0",
      "resolved": "https://registry.npmjs.org/@radix-ui/react-slot/-/react-slot-1.1.0.tgz",
      "integrity": "sha512-sH/qY25E2Xb5zG2II6/9nQX+kIUR6kNTAJ2Zz/hMyAS3bbM8JtnB79K37WQ1s6sQd5P6UuL/A9yYjX4e/S0tCw==",
      "dependencies": {
        "@radix-ui/react-compose-refs": "1.0.1",
        "@radix-ui/react-primitive": "1.1.0"
      },
      "peerDependencies": {
        "react": "^18.0.0",
        "react-dom": "^18.0.0"
      }
    },
    "node_modules/@types/node": {
      "version": "20.14.9",
      "resolved": "https://registry.npmjs.org/@types/node/-/node-20.14.9.tgz",
      "integrity": "sha512-06m8LKG349TPdTJM5o/d3/9GwA+psad12nF2Mo43m48PN2B1aJgOH3IZ2Gg4eYl21d332EM0dZgKpmhP5NUNdg==",
      "dev": true,
      "dependencies": {
        "undici-types": "~5.26.4"
      }
    },
    "node_modules/@types/react": {
      "version": "18.3.3",
      "resolved": "https://registry.npmjs.org/@types/react/-/react-18.3.3.tgz",
      "integrity": "sha512-hti/R0pS0q1/xx+TsI73XIqk26e_W7elonpc+LbwMjS1gSKMqLIdGz7GYQCFy/3kLNXDR1Y+M2b+L/FuUr2r2A==",
      "dev": true,
      "dependencies": {
        "@types/prop-types": "*",
        "csstype": "^3.0.2"
      }
    },
    "node_modules/@types/react-dom": {
      "version": "18.3.0",
      "resolved": "https://registry.npmjs.org/@types/react-dom/-/react-dom-18.3.0.tgz",
      "integrity": "sha512-eEpHNm+o+2roR9NBwJZNt2s5TVg2g5i7/74gG0SflS13HwAlx2a609i7/N2A3iI2/IuN232yQf3uaWdLS/r4Sw==",
      "dev": true,
      "dependencies": {
        "@types/react": "*"
      }
    },
    "node_modules/@types/scheduler": {
      "version": "0.16.8",
      "resolved": "https://registry.npmjs.org/@types/scheduler/-/scheduler-0.16.8.tgz",
      "integrity": "sha512-EaCxbanVeyxDRT3Yp/84LT2Ie6gK2T3SYb23oADa+yZ0g8T/t36wJHDs2p3S5D/tYAb+t/pPChvQG8y9vLd/Ug==",
      "peer": true
    },
    "node_modules/absl-js": {
      "version": "0.1.0",
      "resolved": "https://registry.npmjs.org/absl-js/-/absl-js-0.1.0.tgz",
      "integrity": "sha512-Q37jD/9n1NnhTJoRovQZXKxM3+5qG2dCq2K+B2rBf2rB5fA5t712USF8cTcFqC93qT2n80a9FkOk3Q==",
      "peer": true
    },
    "node_modules/agent-base": {
      "version": "7.1.1",
      "resolved": "https://registry.npmjs.org/agent-base/-/agent-base-7.1.1.tgz",
      "integrity": "sha512-YdFhOaN4yZ/x2vY8D2G/5jMQS/i9jguuI/Y3d/xOd3m+KRo2nLzCqjTTX+9cK/34hTjxfG2sYv0eXjY720p6pQ==",
      "dependencies": {
        "debug": "4"
      },
      "engines": {
        "node": ">= 14"
      }
    },
    "node_modules/aria-hidden": {
      "version": "1.1.2",
      "resolved": "https://registry.npmjs.org/aria-hidden/-/aria-hidden-1.1.2.tgz",
      "integrity": "sha512-t0r5M5m/j7xI4F5nZd08K5cWjBdB+wAL2xSICYsCux6uJd/I4+A+8rVsgS/drC32L3o1N7s3L9p82rK7O+uMRA=="
    },
    "node_modules/class-variance-authority": {
      "version": "0.7.0",
      "resolved": "https://registry.npmjs.org/class-variance-authority/-/class-variance-authority-0.7.0.tgz",
      "integrity": "sha512-Vx/5LznhjPMk23QOh9nSp6p/hT4h2EV2cve3p75I1Y2P6R3Vlwdg0y1uK1y5dwgAnJm3gxr2pT4yPzF5c2mB2A==",
      "dependencies": {
        "clsx": "^2.0.0"
      }
    },
    "node_modules/clsx": {
      "version": "2.1.1",
      "resolved": "https://registry.npmjs.org/clsx/-/clsx-2.1.1.tgz",
      "integrity": "sha512-eYm0QWBtAhr3rxAAzLi2G7Od945550Q6c439fI11Ab3DcU2Kgx+3NLW3N/p5y322n2tJ4T1kR1r95M/s2kYqYw==",
      "engines": {
        "node": ">=6"
      }
    },
    "node_modules/csstype": {
      "version": "3.1.3",
      "resolved": "https://registry.npmjs.org/csstype/-/csstype-3.1.3.tgz",
      "integrity": "sha512-M1uQkMl8r3FEevmtPUSFN3vcsb0TQR1fyIec31hpkDc3T+C02n2S2iAqte/8w3Y43a182DPQo20Fh2I1i7Ozmg==",
      "dev": true
    },
    "node_modules/debug": {
      "version": "4.3.5",
      "resolved": "https://registry.npmjs.org/debug/-/debug-4.3.5.tgz",
      "integrity": "sha512-pt0bNQKJnyhpN5Fkb6i44ZDJ0I0An/2gL92I2vNOaCl882T5zyhC138a0z/W72m4i7Yv228YmK3N2dw5N35Y8Q==",
      "dependencies": {
        "ms": "2.1.2"
      },
      "engines": {
        "node": ">=6.0"
      },
      "peerDependenciesMeta": {
        "supports-color": {
          "optional": true
        }
      }
    },
    "node_modules/define-lazy-prop": {
      "version": "2.0.0",
      "resolved": "https://registry.npmjs.org/define-lazy-prop/-/define-lazy-prop-2.0.0.tgz",
      "integrity": "sha512-Ds09qNh82bq9+EjA2ZGVURvlH3fG1T4x61m3x32FsD1Ue7N99jA9v3Tzlyua0kCmk2S241jS133pe3wQ3/V+2A==",
      "engines": {
        "node": ">=8"
      }
    },
    "node_modules/detect-remove": {
      "version": "2.1.0",
      "resolved": "https://registry.npmjs.org/detect-remove/-/detect-remove-2.1.0.tgz",
      "integrity": "sha512-S7s59/v5CIvFGRTMd3v9dnq3/kC+spzddq/S6wO5x1/amlL2Pq+LgQ5/LwUajP+1fVbVp6wLOl/MhXW+k2sFvQ=="
    },
    "node_modules/es-module-lexer": {
      "version": "1.5.2",
      "resolved": "https://registry.npmjs.org/es-module-lexer/-/es-module-lexer-1.5.2.tgz",
      "integrity": "sha512-dDkMv7fQPBHk5wlrTRM80UIjK+G2Ss2+q+3pjvFk5Vp6Y/+sDN62s85TQtg3g7mG2vKCkX/d0sA53uk2Y4pA2A==",
      "peer": true,
      "optional": true
    },
    "node_modules/firebase": {
      "version": "10.12.3",
      "resolved": "https://registry.npmjs.org/firebase/-/firebase-10.12.3.tgz",
      "integrity": "sha512-k95Bf1QkY/o5hLTwv3bWqg9T1O6eJ8i1wRkUa3T2Rz3XbOgpXg0jswV2u9Mkwg2dOOFwM9dPlZ+8sg==",
      "dependencies": {
        "@firebase/app": "0.10.6",
        "@firebase/app-check": "0.7.4",
        "@firebase/auth": "1.7.5",
        "@firebase/component": "0.6.9",
        "@firebase/database": "1.0.8",
        "@firebase/firestore": "4.6.4",
        "@firebase/functions": "0.10.8",
        "@firebase/installations": "0.6.9",
        "@firebase/messaging": "0.12.9",
        "@firebase/performance": "0.2.8",
        "@firebase/remote-config": "0.4.8",
        "@firebase/storage": "0.12.7",
        "@firebase/util": "1.9.8",
        "tslib": "^2.1.0"
      }
    },
    "node_modules/gcp-metadata": {
      "version": "5.3.0",
      "resolved": "https://registry.npmjs.org/gcp-metadata/-/gcp-metadata-5.3.0.tgz",
      "integrity": "sha512-V2aXHw2nS4b5w5Hk9wJz3sP5fCwsx2rCs5x3j3c0x9qr6x9pDPvwW4Xq+p8Xweq0w63Hd26aGQr+39IdzVv0jQ==",
      "dependencies": {
        "agent-base": "^7.0.1",
        "gaxios": "^6.0.0",
        "http-proxy-agent": "^7.0.0",
        "https-proxy-agent": "^7.0.1"
      },
      "engines": {
        "node": ">=14"
      }
    },
    "node_modules/get-stream": {
      "version": "6.0.1",
      "resolved": "https://registry.npmjs.org/get-stream/-/get-stream-6.0.1.tgz",
      "integrity": "sha512-ts6Wi+294+Cna4KruX6H3ePBEJOrS+bY2b7w+5qQdAJLdLV7uXNO+hewPuOFX2oB2I/erEIbTkX5o1/vLaHk6g==",
      "engines": {
        "node": ">=10"
      },
      "funding": {
        "url": "https://github.com/sponsors/sindresorhus"
      }
    },
    "node_modules/google-auth-library": {
      "version": "9.11.0",
      "resolved": "https://registry.npmjs.org/google-auth-library/-/google-auth-library-9.11.0.tgz",
      "integrity": "sha512-YmG1O1b6W1y0wVbJkI/t4Tj6VwsG3s2CL0a+kH1tqBbz9k6qH82k4iV4i2X8GhnUug/14mB/FMIa3M4+pXvGg==",
      "dependencies": {
        "gaxios": "^6.4.0",
        "gcp-metadata": "^5.2.0",
        "google-p12-pem": "^4.0.0",
        "gtoken": "^7.1.1",
        "jws": "^4.0.0",
        "lru-cache": "^10.0.1"
      },
      "engines": {
        "node": ">=14"
      }
    },
    "node_modules/google-p12-pem": {
      "version": "4.0.0",
      "resolved": "https://registry.npmjs.org/google-p12-pem/-/google-p12-pem-4.0.0.tgz",
      "integrity": "sha512-nLp3+jXh1/0/512+eU/xSTpDfZFLIs/QT02qg8F3j1qI2x4zXQ33I6tsu+f74FZH5n59Avh3T3hQXiH/L/14bQ==",
      "engines": {
        "node": ">=14"
      }
    },
    "node_modules/gtoken": {
      "version": "7.1.1",
      "resolved": "https://registry.npmjs.org/gtoken/-/gtoken-7.1.1.tgz",
      "integrity": "sha512-YADf/z+w4h+E/qg1e/XbFzFqZfBxuQzZXq3gXNfO2mF9C2welIm33F53A0X9J3YBlsE05zWotC4z3s/72D1S1Q==",
      "dependencies": {
        "gaxios": "^6.2.0",
        "google-p12-pem": "^4.0.0",
        "jws": "^4.0.0"
      },
      "engines": {
        "node": ">=14"
      }
    },
    "node_modules/handle-thing": {
      "version": "2.0.1",
      "resolved": "https://registry.npmjs.org/handle-thing/-/handle-thing-2.0.1.tgz",
      "integrity": "sha512-9Qn4yVTeo/6W22Sgo3+m24yI8jBf12l3d9hI6aJW/2uXJ2e3tLh220m4tPj62+Lchj65er3YfL1P8A+g==",
      "engines": {
        "node": ">=10"
      }
    },
    "node_modules/http-proxy-agent": {
      "version": "7.0.2",
      "resolved": "https://registry.npmjs.org/http-proxy-agent/-/http-proxy-agent-7.0.2.tgz",
      "integrity": "sha512-m3+y3HBU+922L6LcvI9d4vBlkR4IxfP2C1v5a1qK4plYVTwUpbU1L+Y2htj2wM8j0F0YkOiQ3n26b9ZidM33IQ==",
      "dependencies": {
        "agent-base": "7"
      },
      "engines": {
        "node": ">= 14"
      }
    },
    "node_modules/https-proxy-agent": {
      "version": "7.0.4",
      "resolved": "https://registry.npmjs.org/https-proxy-agent/-/https-proxy-agent-7.0.4.tgz",
      "integrity": "sha512-yK0r1zP82oHk+kP5qT5qBw1C0PDcTfI/jY3I0lVfX6b9iM9wSj2/4Wv2cKmNRlq0/25L4lFr3i7tq39lg==",
      "dependencies": {
        "agent-base": "7"
      },
      "engines": {
        "node": ">= 14"
      }
    },
    "node_modules/i18next": {
      "version": "23.12.2",
      "resolved": "https://registry.npmjs.org/i18next/-/i18next-23.12.2.tgz",
      "integrity": "sha512-P3ogu2iU/8l/q/14PqJhi5f/d/VvOpx/2GxgLqN5R/+p5eNudRL5+p83vLSXgT4s04bM52oM9j/pT1W2TqU35w==",
      "dependencies": {
        "@babel/runtime": "7.24.8"
      }
    },
    "node_modules/import-meta-resolve": {
      "version": "4.0.0",
      "resolved": "https://registry.npmjs.org/import-meta-resolve/-/import-meta-resolve-4.0.0.tgz",
      "integrity": "sha512-SqjUaAmL2i9YGH31A7M2eXyD5w8kI/iCwo/yK22x+zLa3xZviyYJ+gK6S7h7QnE2T9e/cflDk5l3A03uLgTBA==",
      "peer": true,
      "optional": true,
      "engines": {
        "node": "^16.17.0 || >=18.6.0"
      },
      "funding": {
        "url": "https://github.com/sponsors/wooorm"
      }
    },
    "node_modules/is-plain-object": {
      "version": "5.0.0",
      "resolved": "https://registry.npmjs.org/is-plain-object/-/is-plain-object-5.0.0.tgz",
      "integrity": "sha512-VnU3s5t264V1f35jAt354I8u3vSy6420PZYSexHE2gE4Jm/bQUgeJv2534f3FR/QjX5G1nLh5s19SU2H3s0+3Q==",
      "engines": {
        "node": ">=0.10.0"
      }
    },
    "node_modules/jose": {
      "version": "4.15.5",
      "resolved": "https://registry.npmjs.org/jose/-/jose-4.15.5.tgz",
      "integrity": "sha512-tMX05PnkryT3Q2i/32L5n9vI+2kLdVeA03DDFg975gfs/NqAAY/19a/M79pAExxxG8o6GgqN+G4BmmI6qgQy3g==",
      "funding": {
        "url": "https://github.com/sponsors/panva"
      }
    },
    "node_modules/jws": {
      "version": "4.0.0",
      "resolved": "https://registry.npmjs.org/jws/-/jws-4.0.0.tgz",
      "integrity": "sha512-0LUd+dF7sLYwRdSq22nLS9/3VAyLrpPj7rsrJ0gU5V7kT9zMOfIffn/2TzI+1i/Zq1gP14d/Bdp9ytEs/3rSgQ==",
      "dependencies": {
        "jws-decode": "^1.0.0",
        "safe-buffer": "^5.0.1"
      }
    },
    "node_modules/jws-decode": {
      "version": "1.0.0",
      "resolved": "https://registry.npmjs.org/jws-decode/-/jws-decode-1.0.0.tgz",
      "integrity": "sha512-35nMWm/ucB3M7L4z712gKRA5aQc+wGj1T+06+c5J2+7nHy37VJGX/w2mzp5n1L2yY29mivqI3lYh1S3yUA==",
      "dependencies": {
        "atob": "2.1.2"
      }
    },
    "node_modules/jws-decode/node_modules/atob": {
      "version": "2.1.2",
      "resolved": "https://registry.npmjs.org/atob/-/atob-2.1.2.tgz",
      "integrity": "sha512-Wy6T3T22V15c1P+Qshc9vC7FPSScYq2GIMw6jF89Doy3rs9geE4JkDYvfZ+n0b5lC8pPy6kF7Y3K2n2kdM2vXw==",
      "bin": {
        "atob": "bin/atob.js"
      },
      "engines": {
        "node": ">= 4.5.0"
      }
    },
    "node_modules/long": {
      "version": "5.2.3",
      "resolved": "https://registry.npmjs.org/long/-/long-5.2.3.tgz",
      "integrity": "sha512-lcHwpNoggQT1pla41LfE5ryQNo2NeyeT6rLA7LHAa8dx422G3r+iXQDUd/nG6GmW2B+B5RNtmPsc3tDeV7K+5g=="
    },
    "node_modules/loose-envify": {
      "version": "1.4.0",
      "resolved": "https://registry.npmjs.org/loose-envify/-/loose-envify-1.4.0.tgz",
      "integrity": "sha512-lyuxPGr/Wfhrlem2CL/UcnUc1zcqKAImBDzukY7Y5F/yQiNdko6+fRLevlw1HgMySw7f611UIY408EtxRSoK3Q==",
      "dependencies": {
        "js-tokens": "^3.0.0 || ^4.0.0"
      },
      "bin": {
        "envify": "cli.js"
      }
    },
    "node_modules/lru-cache": {
      "version": "10.3.1",
      "resolved": "https://registry.npmjs.org/lru-cache/-/lru-cache-10.3.1.tgz",
      "integrity": "sha512-aMvQxwUerP8L9L+ivhY/4uDnbD2vT2u520f3e2kF9OHlB5uFT3cFQEzxQv22j9y1vN+sK8eQ1L8bKSAoV+uA5g==",
      "engines": {
        "node": "14 || 16 || >=18"
      }
    },
    "node_modules/lucide": {
      "version": "0.408.0",
      "resolved": "https://registry.npmjs.org/lucide/-/lucide-0.408.0.tgz",
      "integrity": "sha512-Y1jCgUqD6Wv32dRVk8ExuE5iRliB9iU45Nf0f/kE0D1z40bJ5J+pQc+xO7M/0D4tG4e2g9+fI4+7A9oQeA=="
    },
    "node_modules/lucide-react": {
      "version": "0.408.0",
      "resolved": "https://registry.npmjs.org/lucide-react/-/lucide-react-0.408.0.tgz",
      "integrity": "sha512-X3mJgS9+yF2Q2fQp2xN/A1X9hFv970Q/B8J+0aD572jJ+K+7dCqG+D6L7Z1jO9c1jM4i4oF5sE9h0Q==",
      "dependencies": {
        "lucide": "0.408.0"
      },
      "peerDependencies": {
        "react": "^18.2.0"
      }
    },
    "node_modules/next": {
      "version": "14.2.4",
      "resolved": "https://registry.npmjs.org/next/-/next-14.2.4.tgz",
      "integrity": "sha512-rR/QdY2/qK/jLP/G7J9n4sTMDWlD+D3Gz81kXhRk3n28Z4qnl/DEDlRTIw/FkZ7i3Xg729j79Uq0s/wQ==",
      "dependencies": {
        "@next/env": "14.2.4",
        "next": "14.2.4",
        "react-server-dom-webpack": "19.0.0-beta-26f2492c-20240725"
      },
      "bin": {
        "next": "dist/bin/next"
      },
      "engines": {
        "node": ">=18.17.0"
      },
      "peerDependencies": {
        "react": "^18.2.0",
        "react-dom": "^18.2.0",
        "typescript": ">=5.0.0"
      },
      "peerDependenciesMeta": {
        "react": {
          "optional": true
        },
        "react-dom": {
          "optional": true
        },
        "typescript": {
          "optional": true
        }
      }
    },
    "node_modules/next/node_modules/@next/env": {
      "version": "14.2.4",
      "resolved": "https://registry.npmjs.org/@next/env/-/env-14.2.4.tgz",
      "integrity": "sha512-J8zU78N5tT/iYfG/y14P3h7Z7nZPyYkBHGSrK2nfiWKbWl9+bWJv2nO3J+w7Z1nSj8E2rLw/+xLzeXmB8L355g==",
      "engines": {
        "node": ">=18.17.0"
      }
    },
    "node_modules/next/node_modules/next": {
      "version": "14.2.4",
      "resolved": "https://registry.npmjs.org/next/-/next-14.2.4.tgz",
      "integrity": "sha512-rR/QdY2/qK/jLP/G7J9n4sTMDWlD+D3Gz81kXhRk3n28Z4qnl/DEDlRTIw/FkZ7i3Xg729j79Uq0s/wQ==",
      "dependencies": {
        "@next/env": "14.2.4",
        "next": "14.2.4",
        "react-server-dom-webpack": "19.0.0-beta-26f2492c-20240725"
      },
      "bin": {
        "next": "dist/bin/next"
      },
      "engines": {
        "node": ">=18.17.0"
      },
      "peerDependencies": {
        "react": "^18.2.0",
        "react-dom": "^18.2.0",
        "typescript": ">=5.0.0"
      },
      "peerDependenciesMeta": {
        "react": {
          "optional": true
        },
        "react-dom": {
          "optional": true
        },
        "typescript": {
          "optional": true
        }
      }
    },
    "node_modules/node-fetch": {
      "version": "2.7.0",
      "resolved": "https://registry.npmjs.org/node-fetch/-/node-fetch-2.7.0.tgz",
      "integrity": "sha512-c4FRfUm/MiRse9f6y5obyM/l6e27i30vNB5I7m91KIcquI9f2A/Nv3w9qIGoyEy82SHLdMkb723CjYw9T2sX6Q==",
      "dependencies": {
        "whatwg-url": "^5.0.0"
      },
      "engines": {
        "node": "4.x || >=6.0.0"
      },
      "peerDependencies": {
        "encoding": "^0.1.0"
      },
      "peerDependenciesMeta": {
        "encoding": {
          "optional": true
        }
      }
    },
    "node_modules/react": {
      "version": "18.3.1",
      "resolved": "https://registry.npmjs.org/react/-/react-18.3.1.tgz",
      "integrity": "sha512-wS+hAgJ0G1htOKI2BtepVEbrrmkxp3dD++CI1Lv/l1/lRof2yViE2T6wWf7I8QyZ020vjMKkP2IeT2pT8v6/hg==",
      "dependencies": {
        "loose-envify": "^1.1.0",
        "react-server-dom-webpack": "19.0.0-beta-26f2492c-20240725"
      },
      "engines": {
        "node": ">=0.10.0"
      },
      "peerDependencies": {
        "react-server-dom-webpack": "*"
      }
    },
    "node_modules/react-dom": {
      "version": "18.3.1",
      "resolved": "https://registry.npmjs.org/react-dom/-/react-dom-18.3.1.tgz",
      "integrity": "sha512-5m4nQKp+rZRb09LNHfg/b3s2O3h2y/i2DCw3j1h0K53/jP+tA8T1tcrf/i5GvO97sP3Spu8hPZwnT1qNYA3dDQ==",
      "dependencies": {
        "loose-envify": "^1.1.0",
        "react": "^18.3.1",
        "react-server-dom-webpack": "19.0.0-beta-26f2492c-20240725",
        "scheduler": "^0.23.2"
      },
      "peerDependencies": {
        "react": "^18.3.1"
      }
    },
    "node_modules/react-i18next": {
      "version": "14.1.2",
      "resolved": "https://registry.npmjs.org/react-i18next/-/react-i18next-14.1.2.tgz",
      "integrity": "sha512-Y45P4S22kKyP4Jp8YztlCE+0tW//iNN2nJ3q7Jk8obd8W40sLI47IWB5a8eL/+d628qgRSTJc3yqT4lFvP+8dQ==",
      "dependencies": {
        "@babel/runtime": "7.24.8"
      },
      "peerDependencies": {
        "i18next": ">=23.5.0",
        "react": ">=16.8.0"
      }
    },
    "node_modules/react-remove-scroll": {
      "version": "2.5.8",
      "resolved": "https://registry.npmjs.org/react-remove-scroll/-/react-remove-scroll-2.5.8.tgz",
      "integrity": "sha512-f/XW0gQ9jA/3X0u8SsvxNnOGoG8Ue13cBj7aT36/kS40zDDSr3A+V7bQfH4v9qA2/W4Jv0P8WJ+s8L+0kQnZA==",
      "dependencies": {
        "detect-remove": "^2.1.0",
        "handle-thing": "^2.0.1",
        "react-remove-scroll-bar": "^2.3.4",
        "react-style-singleton": "^2.2.1",
        "tslib": "^2.5.3"
      },
      "peerDependencies": {
        "react": ">=16.8.0"
      }
    },
    "node_modules/react-remove-scroll-bar": {
      "version": "2.3.4",
      "resolved": "https://registry.npmjs.org/react-remove-scroll-bar/-/react-remove-scroll-bar-2.3.4.tgz",
      "integrity": "sha512-3s4knIte37Kev+28ltn31092M+1F0TGAoXIgo9lcsCiiCm0k/830v+ROzPWhYt6/h5mO13KP+2O0m+Xv1y+Ggg==",
      "dependencies": {
        "tslib": "^2.5.3"
      },
      "peerDependencies": {
        "react": ">=16.8.0"
      }
    },
    "node_modules/react-server-dom-webpack": {
      "version": "19.0.0-beta-26f2492c-20240725",
      "resolved": "https://registry.npmjs.org/react-server-dom-webpack/-/react-server-dom-webpack-19.0.0-beta-26f2492c-20240725.tgz",
      "integrity": "sha512-gSjW1gD8Oa1B4mR3C59x2Vj+xYx32T0K7XF+Vl2T3sR2T6s1V6s/yL3s/yL3s/yL3s/yL3s/yL3s/yL3s/yL3s==",
      "peerDependencies": {
        "@types/react": "17.0.14 - 18",
        "react": "19.0.0-beta-26f2492c-20240725"
      },
      "peerDependenciesMeta": {
        "@types/react": {
          "optional": true
        }
      }
    },
    "node_modules/react-style-singleton": {
      "version": "2.2.1",
      "resolved": "https://registry.npmjs.org/react-style-singleton/-/react-style-singleton-2.2.1.tgz",
      "integrity": "sha512-/e8L2F2j4QxQJ5aA4t4aUpbCjREms4c1yU3Sj9lVlxt/cKFBk4r2Kx1LNP/1dJ16x/r1TSRNE+kM7prmmH9m0w==",
      "dependencies": {
        "get-nonce": "^1.0.1",
        "tslib": "^2.5.3"
      },
      "peerDependencies": {
        "react": ">=16.8.0"
      }
    },
    "node_modules/react-style-singleton/node_modules/get-nonce": {
      "version": "1.0.1",
      "resolved": "https://registry.npmjs.org/get-nonce/-/get-nonce-1.0.1.tgz",
      "integrity": "sha512-f1Vb2P2y9KDM0v22SNN9IHt/AOL8fPzVlWz93P3qA2iAn+j6FFXk1z6aI/ot5G/2i3yv1eLg0g/2fT89kSgUhg=="
    },
    "node_modules/regenerator-runtime": {
      "version": "0.13.11",
      "resolved": "https://registry.npmjs.org/regenerator-runtime/-/regenerator-runtime-0.13.11.tgz",
      "integrity": "sha512-kY1AZ আই tình/45Wk+GgVohUo2bL+heJnXrqDnHXoqPVsoB8K2unM5eE2bQp3AZPTM2H1T19kU3jEbLejN/2MnsPfg=="
    },
    "node_modules/safe-buffer": {
      "version": "5.2.1",
      "resolved": "https://registry.npmjs.org/safe-buffer/-/safe-buffer-5.2.1.tgz",
      "integrity": "sha512-rp3So07KcdmmKbGvgaNxQSJr7bGVSVk5S9Eq1F+ppbRo70+YeaDxkw5Dd8NPNEc2/q4w+VyXssL12lA4BI1zow==",
      "funding": [
        {
          "type": "github",
          "url": "https://github.com/sponsors/feross"
        },
        {
          "type": "patreon",
          "url": "https://www.patreon.com/feross"
        },
        {
          "type": "consulting",
          "url": "https://feross.org/support"
        }
      ]
    },
    "node_modules/scheduler": {
      "version": "0.23.2",
      "resolved": "https://registry.npmjs.org/scheduler/-/scheduler-0.23.2.tgz",
      "integrity": "sha512-E0RKonk1/1K0ryQ2ryAndKq2tG/842yuOE9Z3Eyl88i908SX2a2i8x/InAYy143x0F6TDuXyP53s3s0A2s9/PA==",
      "dependencies": {
        "loose-envify": "^1.1.0"
      }
    },
    "node_modules/style-value-types": {
      "version": "5.1.2",
      "resolved": "https://registry.npmjs.org/style-value-types/-/style-value-types-5.1.2.tgz",
      "integrity": "sha512-1T9nifB49nK+w2h66r0/hQ5jW3VPcFD2P2Iq2P3f3A/9j8KVR1+0Cq5iFPv/nLz2aNAhAStvsy2lIHUv1OfQig==",
      "peer": true
    },
    "node_modules/tailwind-merge": {
      "version": "2.4.0",
      "resolved": "https://registry.npmjs.org/tailwind-merge/-/tailwind-merge-2.4.0.tgz",
      "integrity": "sha512-GkIaS3fSsc/kUj9l1veDjrE2bLFEWp8Yxlvkrkps5OAs2m+T+L63lH6yGNV38YI1vRjD+Tqz3SFQvC/WweD5kg==",
      "engines": {
        "node": ">=14"
      },
      "funding": {
        "type": "github",
        "url": "https://github.com/sponsors/dcastil"
      }
    },
    "node_modules/tailwindcss-animate": {
      "version": "1.0.7",
      "resolved": "https://registry.npmjs.org/tailwindcss-animate/-/tailwindcss-animate-1.0.7.tgz",
      "integrity": "sha512-E1g6f9L3idp/d+f6JIt4t5bq9a+0Jd41r94C2g0k3ibHQSsdrw5I9y42K4hJ1HQ2D2b5i1KWQgmz/V1Y/F61SA==",
      "peerDependencies": {
        "tailwindcss": ">=3"
      }
    },
    "node_modules/tslib": {
      "version": "2.6.3",
      "resolved": "https://registry.npmjs.org/tslib/-/tslib-2.6.3.tgz",
      "integrity": "sha512-xNvxJEOUiWPGhUuUdQgAJPKOOJfgnZoRS2S3LpPZGLTceG3vVIv+r2ZUe5YfPSzW/2H9dKIVo6kHPC/Qtn+s0A=="
    },
    "node_modules/undici-types": {
      "version": "5.26.5",
      "resolved": "https://registry.npmjs.org/undici-types/-/undici-types-5.26.5.tgz",
      "integrity": "sha512-JlCMO+ehdEIKqlFxk6IfVoAUVmgz7cU7zD/h9XZ0qzeosSHmUJVOzSQvvYSYWXkFXC+IfLKSIffhv0sVZup6pA==",
      "dev": true
    },
    "node_modules/whatwg-url": {
      "version": "5.0.0",
      "resolved": "https://registry.npmjs.org/whatwg-url/-/whatwg-url-5.0.0.tgz",
      "integrity": "sha512-saE57nup5G6GjB3S72e6iQEd/NhUg2i3a2d/u26Sg632f3d611U1cgao4y2ko3s03D0b/fKCJ4p/a18i0Rk+wA==",
      "dependencies": {
        "tr46": "^0.0.3",
        "webidl-conversions": "^3.0.1"
      }
    },
    "node_modules/webidl-conversions": {
      "version": "3.0.1",
      "resolved": "https://registry.npmjs.org/webidl-conversions/-/webidl-conversions-3.0.1.tgz",
      "integrity": "sha512-2JAn3z8AR6rjK8UguRZytif+1kAvh+OmdvjA+IsKz3IepPaejTSgBfUNssUqr2l+bDF/knh3HVRsLVw/Evtn/w=="
    },
    "node_modules/zod": {
      "version": "3.23.8",
      "resolved": "https://registry.npmjs.org/zod/-/zod-3.23.8.tgz",
      "integrity": "sha512-XBx9AXhXktjUimV3/Lw3KxKPaq2yI/L5S8UPs57qnuV2m73Nvi52m320pNB8gVp53R2LdM+3IIyOw2Qx09cI2A==",
      "funding": {
        "url": "https://github.com/sponsors/colinhacks"
      }
    }
  }
}
